Microsoft Visual Studio Solution File, Format Version 12.00
# Visual Studio 15
VisualStudioVersion = 15.0.27703.2047
MinimumVisualStudioVersion = 10.0.40219.1
Project("{9A19103F-16F7-4668-BE54-9A1E7A4F7556}") = "StructuredLogViewer.Avalonia", "src\StructuredLogViewer.Avalonia\StructuredLogViewer.Avalonia.csproj", "{B8DB3798-1636-417D-B57A-25C51C574F1E}"
EndProject
Project("{9A19103F-16F7-4668-BE54-9A1E7A4F7556}") = "StructuredLogger", "src\StructuredLogger\StructuredLogger.csproj", "{A939886E-A191-4A46-A84B-21AD670081B9}"
EndProject
Project("{9A19103F-16F7-4668-BE54-9A1E7A4F7556}") = "StructuredLogger.Tests", "src\StructuredLogger.Tests\StructuredLogger.Tests.csproj", "{8A327073-0811-49D6-B1AA-1FB0157E750A}"
EndProject
Project("{2150E333-8FDC-42A3-9474-1A3956D46DE8}") = "Solution Items", "Solution Items", "{1DA9000E-FE5B-467F-B6CB-2CFA7584ABF7}"
	ProjectSection(SolutionItems) = preProject
		appveyor.yml = appveyor.yml
		Directory.Build.props = Directory.Build.props
		Directory.Build.targets = Directory.Build.targets
		nuget.config = nuget.config
		README.md = README.md
		version.json = version.json
	EndProjectSection
EndProject
Project("{9A19103F-16F7-4668-BE54-9A1E7A4F7556}") = "TaskRunner", "src\TaskRunner\TaskRunner.csproj", "{B8539A63-8D03-4D16-9945-FE7F8489B56D}"
EndProject
Project("{9A19103F-16F7-4668-BE54-9A1E7A4F7556}") = "StructuredLogViewer.Core", "src\StructuredLogViewer.Core\StructuredLogViewer.Core.csproj", "{3C655C5D-22C3-4B8D-969C-3FC497294703}"
EndProject
Project("{FAE04EC0-301F-11D3-BF4B-00C04F79EFBC}") = "StructuredLogger.Utils", "src\StructuredLogger.Utils\StructuredLogger.Utils.csproj", "{087507C9-BAD5-EDBB-ABD5-DE26D3F215F7}"
EndProject
Global
	GlobalSection(SolutionConfigurationPlatforms) = preSolution
		Debug|Mixed Platforms = Debug|Mixed Platforms
		Release|Mixed Platforms = Release|Mixed Platforms
	EndGlobalSection
	GlobalSection(ProjectConfigurationPlatforms) = postSolution
		{A939886E-A191-4A46-A84B-21AD670081B9}.Debug|Mixed Platforms.ActiveCfg = Debug|Any CPU
		{A939886E-A191-4A46-A84B-21AD670081B9}.Debug|Mixed Platforms.Build.0 = Debug|Any CPU
		{A939886E-A191-4A46-A84B-21AD670081B9}.Release|Mixed Platforms.ActiveCfg = Release|Any CPU
		{A939886E-A191-4A46-A84B-21AD670081B9}.Release|Mixed Platforms.Build.0 = Release|Any CPU
		{8A327073-0811-49D6-B1AA-1FB0157E750A}.Debug|Mixed Platforms.ActiveCfg = Debug|Any CPU
		{8A327073-0811-49D6-B1AA-1FB0157E750A}.Debug|Mixed Platforms.Build.0 = Debug|Any CPU
		{8A327073-0811-49D6-B1AA-1FB0157E750A}.Release|Mixed Platforms.ActiveCfg = Release|Any CPU
		{8A327073-0811-49D6-B1AA-1FB0157E750A}.Release|Mixed Platforms.Build.0 = Release|Any CPU
		{B8539A63-8D03-4D16-9945-FE7F8489B56D}.Debug|Mixed Platforms.ActiveCfg = Debug|Any CPU
		{B8539A63-8D03-4D16-9945-FE7F8489B56D}.Debug|Mixed Platforms.Build.0 = Debug|Any CPU
		{B8539A63-8D03-4D16-9945-FE7F8489B56D}.Release|Mixed Platforms.ActiveCfg = Release|Any CPU
		{B8539A63-8D03-4D16-9945-FE7F8489B56D}.Release|Mixed Platforms.Build.0 = Release|Any CPU
		{3C655C5D-22C3-4B8D-969C-3FC497294703}.Debug|Mixed Platforms.ActiveCfg = Debug|Any CPU
		{3C655C5D-22C3-4B8D-969C-3FC497294703}.Debug|Mixed Platforms.Build.0 = Debug|Any CPU
		{3C655C5D-22C3-4B8D-969C-3FC497294703}.Release|Mixed Platforms.ActiveCfg = Release|Any CPU
		{3C655C5D-22C3-4B8D-969C-3FC497294703}.Release|Mixed Platforms.Build.0 = Release|Any CPU
		{B8DB3798-1636-417D-B57A-25C51C574F1E}.Debug|Mixed Platforms.ActiveCfg = Debug|Any CPU
		{B8DB3798-1636-417D-B57A-25C51C574F1E}.Debug|Mixed Platforms.Build.0 = Debug|Any CPU
		{B8DB3798-1636-417D-B57A-25C51C574F1E}.Release|Mixed Platforms.ActiveCfg = Release|Any CPU
		{B8DB3798-1636-417D-B57A-25C51C574F1E}.Release|Mixed Platforms.Build.0 = Release|Any CPU
		{087507C9-BAD5-EDBB-ABD5-DE26D3F215F7}.Debug|Mixed Platforms.ActiveCfg = Debug|Mixed Platforms
		{087507C9-BAD5-EDBB-ABD5-DE26D3F215F7}.Debug|Mixed Platforms.Build.0 = Debug|Mixed Platforms
		{087507C9-BAD5-EDBB-ABD5-DE26D3F215F7}.Release|Mixed Platforms.ActiveCfg = Release|Mixed Platforms
		{087507C9-BAD5-EDBB-ABD5-DE26D3F215F7}.Release|Mixed Platforms.Build.0 = Release|Mixed Platforms
	EndGlobalSection
	GlobalSection(SolutionProperties) = preSolution
		HideSolutionNode = FALSE
	EndGlobalSection
EndGlobal
